// !$*UTF8*$!
{
	archiveVersion = 1;
	classes = {
	};
	objectVersion = 46;
	objects = {

/* Begin PBXBuildFile section */
		2931C8BC648180050124D1BD /* Pods_Flicks.framework in Frameworks */ = {isa = PBXBuildFile; fileRef = 13E004430C23C741D8AB3361 /* Pods_Flicks.framework */; };
		90610ADE1C5953DF00048156 /* AppDelegate.swift in Sources */ = {isa = PBXBuildFile; fileRef = 90610ADD1C5953DF00048156 /* AppDelegate.swift */; };
		90610AE31C5953DF00048156 /* Main.storyboard in Resources */ = {isa = PBXBuildFile; fileRef = 90610AE11C5953DF00048156 /* Main.storyboard */; };
		90610AE61C5953DF00048156 /* Flicks.xcdatamodeld in Sources */ = {isa = PBXBuildFile; fileRef = 90610AE41C5953DF00048156 /* Flicks.xcdatamodeld */; };
		90610AE81C5953DF00048156 /* Assets.xcassets in Resources */ = {isa = PBXBuildFile; fileRef = 90610AE71C5953DF00048156 /* Assets.xcassets */; };
		90610AEB1C5953DF00048156 /* LaunchScreen.storyboard in Resources */ = {isa = PBXBuildFile; fileRef = 90610AE91C5953DF00048156 /* LaunchScreen.storyboard */; };
		90610AF31C5956C200048156 /* MoviesVC.swift in Sources */ = {isa = PBXBuildFile; fileRef = 90610AF21C5956C200048156 /* MoviesVC.swift */; };
		90610AF61C59604D00048156 /* MovieCell.swift in Sources */ = {isa = PBXBuildFile; fileRef = 90610AF51C59604D00048156 /* MovieCell.swift */; };
/* End PBXBuildFile section */

/* Begin PBXFileReference section */
		13E004430C23C741D8AB3361 /* Pods_Flicks.framework */ = {isa = PBXFileReference; explicitFileType = wrapper.framework; includeInIndex = 0; path = Pods_Flicks.framework; sourceTree = BUILT_PRODUCTS_DIR; };
		1D18FC7430934BDAF1F258C7 /* Pods-Flicks.debug.xcconfig */ = {isa = PBXFileReference; includeInIndex = 1; lastKnownFileType = text.xcconfig; name = "Pods-Flicks.debug.xcconfig"; path = "Pods/Target Support Files/Pods-Flicks/Pods-Flicks.debug.xcconfig"; sourceTree = "<group>"; };
		90610ADA1C5953DF00048156 /* Flicks.app */ = {isa = PBXFileReference; explicitFileType = wrapper.application; includeInIndex = 0; path = Flicks.app; sourceTree = BUILT_PRODUCTS_DIR; };
		90610ADD1C5953DF00048156 /* AppDelegate.swift */ = {isa = PBXFileReference; lastKnownFileType = sourcecode.swift; path = AppDelegate.swift; sourceTree = "<group>"; };
		90610AE21C5953DF00048156 /* Base */ = {isa = PBXFileReference; lastKnownFileType = file.storyboard; name = Base; path = Base.lproj/Main.storyboard; sourceTree = "<group>"; };
		90610AE51C5953DF00048156 /* Flicks.xcdatamodel */ = {isa = PBXFileReference; lastKnownFileType = wrapper.xcdatamodel; path = Flicks.xcdatamodel; sourceTree = "<group>"; };
		90610AE71C5953DF00048156 /* Assets.xcassets */ = {isa = PBXFileReference; lastKnownFileType = folder.assetcatalog; path = Assets.xcassets; sourceTree = "<group>"; };
		90610AEA1C5953DF00048156 /* Base */ = {isa = PBXFileReference; lastKnownFileType = file.storyboard; name = Base; path = Base.lproj/LaunchScreen.storyboard; sourceTree = "<group>"; };
		90610AEC1C5953DF00048156 /* Info.plist */ = {isa = PBXFileReference; lastKnownFileType = text.plist.xml; path = Info.plist; sourceTree = "<group>"; };
		90610AF21C5956C200048156 /* MoviesVC.swift */ = {isa = PBXFileReference; fileEncoding = 4; lastKnownFileType = sourcecode.swift; path = MoviesVC.swift; sourceTree = "<group>"; };
		90610AF51C59604D00048156 /* MovieCell.swift */ = {isa = PBXFileReference; fileEncoding = 4; lastKnownFileType = sourcecode.swift; path = MovieCell.swift; sourceTree = "<group>"; };
		DD74892B857F4688E4C6BE56 /* Pods-Flicks.release.xcconfig */ = {isa = PBXFileReference; includeInIndex = 1; lastKnownFileType = text.xcconfig; name = "Pods-Flicks.release.xcconfig"; path = "Pods/Target Support Files/Pods-Flicks/Pods-Flicks.release.xcconfig"; sourceTree = "<group>"; };
/* End PBXFileReference section */

/* Begin PBXFrameworksBuildPhase section */
		90610AD71C5953DF00048156 /* Frameworks */ = {
			isa = PBXFrameworksBuildPhase;
			buildActionMask = 2147483647;
			files = (
				2931C8BC648180050124D1BD /* Pods_Flicks.framework in Frameworks */,
			);
			runOnlyForDeploymentPostprocessing = 0;
		};
/* End PBXFrameworksBuildPhase section */

/* Begin PBXGroup section */
		90610AD11C5953DF00048156 = {
			isa = PBXGroup;
			children = (
				90610ADC1C5953DF00048156 /* Flicks */,
				90610ADB1C5953DF00048156 /* Products */,
				A48A66A13FDB6DB3AFA816D7 /* Pods */,
				BE709FA5BE538D0D24117B21 /* Frameworks */,
			);
			sourceTree = "<group>";
		};
		90610ADB1C5953DF00048156 /* Products */ = {
			isa = PBXGroup;
			children = (
				90610ADA1C5953DF00048156 /* Flicks.app */,
			);
			name = Products;
			sourceTree = "<group>";
		};
		90610ADC1C5953DF00048156 /* Flicks */ = {
			isa = PBXGroup;
			children = (
				90610AF71C59609300048156 /* Controller */,
				90610AF41C59603000048156 /* View */,
				90610ADD1C5953DF00048156 /* AppDelegate.swift */,
				90610AE71C5953DF00048156 /* Assets.xcassets */,
				90610AEC1C5953DF00048156 /* Info.plist */,
				90610AE41C5953DF00048156 /* Flicks.xcdatamodeld */,
			);
			path = Flicks;
			sourceTree = "<group>";
		};
		90610AF41C59603000048156 /* View */ = {
			isa = PBXGroup;
			children = (
				90610AF51C59604D00048156 /* MovieCell.swift */,
				90610AE11C5953DF00048156 /* Main.storyboard */,
				90610AE91C5953DF00048156 /* LaunchScreen.storyboard */,
			);
			name = View;
			sourceTree = "<group>";
		};
		90610AF71C59609300048156 /* Controller */ = {
			isa = PBXGroup;
			children = (
				90610AF21C5956C200048156 /* MoviesVC.swift */,
			);
			name = Controller;
			sourceTree = "<group>";
		};
		A48A66A13FDB6DB3AFA816D7 /* Pods */ = {
			isa = PBXGroup;
			children = (
				1D18FC7430934BDAF1F258C7 /* Pods-Flicks.debug.xcconfig */,
				DD74892B857F4688E4C6BE56 /* Pods-Flicks.release.xcconfig */,
			);
			name = Pods;
			sourceTree = "<group>";
		};
		BE709FA5BE538D0D24117B21 /* Frameworks */ = {
			isa = PBXGroup;
			children = (
				13E004430C23C741D8AB3361 /* Pods_Flicks.framework */,
			);
			name = Frameworks;
			sourceTree = "<group>";
		};
/* End PBXGroup section */

/* Begin PBXNativeTarget section */
		90610AD91C5953DF00048156 /* Flicks */ = {
			isa = PBXNativeTarget;
			buildConfigurationList = 90610AEF1C5953DF00048156 /* Build configuration list for PBXNativeTarget "Flicks" */;
			buildPhases = (
				4B6CB3098E4604D9E74C201C /* Check Pods Manifest.lock */,
				90610AD61C5953DF00048156 /* Sources */,
				90610AD71C5953DF00048156 /* Frameworks */,
				90610AD81C5953DF00048156 /* Resources */,
				BFA3E85E7ABEABF27F8432E2 /* Embed Pods Frameworks */,
				6BB370D812F1A278AC788299 /* Copy Pods Resources */,
			);
			buildRules = (
			);
			dependencies = (
			);
			name = Flicks;
			productName = Flicks;
			productReference = 90610ADA1C5953DF00048156 /* Flicks.app */;
			productType = "com.apple.product-type.application";
		};
/* End PBXNativeTarget section */

/* Begin PBXProject section */
		90610AD21C5953DF00048156 /* Project object */ = {
			isa = PBXProject;
			attributes = {
				LastSwiftUpdateCheck = 0720;
				LastUpgradeCheck = 0720;
				ORGANIZATIONNAME = Fernando;
				TargetAttributes = {
					90610AD91C5953DF00048156 = {
						CreatedOnToolsVersion = 7.2;
					};
				};
			};
			buildConfigurationList = 90610AD51C5953DF00048156 /* Build configuration list for PBXProject "Flicks" */;
			compatibilityVersion = "Xcode 3.2";
			developmentRegion = English;
			hasScannedForEncodings = 0;
			knownRegions = (
				en,
				Base,
			);
			mainGroup = 90610AD11C5953DF00048156;
			productRefGroup = 90610ADB1C5953DF00048156 /* Products */;
			projectDirPath = "";
			projectRoot = "";
			targets = (
				90610AD91C5953DF00048156 /* Flicks */,
			);
		};
/* End PBXProject section */

/* Begin PBXResourcesBuildPhase section */
		90610AD81C5953DF00048156 /* Resources */ = {
			isa = PBXResourcesBuildPhase;
			buildActionMask = 2147483647;
			files = (
				90610AEB1C5953DF00048156 /* LaunchScreen.storyboard in Resources */,
				90610AE81C5953DF00048156 /* Assets.xcassets in Resources */,
				90610AE31C5953DF00048156 /* Main.storyboard in Resources */,
			);
			runOnlyForDeploymentPostprocessing = 0;
		};
/* End PBXResourcesBuildPhase section */

/* Begin PBXShellScriptBuildPhase section */
		4B6CB3098E4604D9E74C201C /* Check Pods Manifest.lock */ = {
			isa = PBXShellScriptBuildPhase;
			buildActionMask = 2147483647;
			files = (
			);
			inputPaths = (
			);
			name = "Check Pods Manifest.lock";
			outputPaths = (
			);
			runOnlyForDeploymentPostprocessing = 0;
			shellPath = /bin/sh;
			shellScript = "diff \"${PODS_ROOT}/../Podfile.lock\" \"${PODS_ROOT}/Manifest.lock\" > /dev/null\nif [[ $? != 0 ]] ; then\n    cat << EOM\nerror: The sandbox is not in sync with the Podfile.lock. Run 'pod install' or update your CocoaPods installation.\nEOM\n    exit 1\nfi\n";
			showEnvVarsInLog = 0;
		};
		6BB370D812F1A278AC788299 /* Copy Pods Resources */ = {
			isa = PBXShellScriptBuildPhase;
			buildActionMask = 2147483647;
			files = (
			);
			inputPaths = (
			);
			name = "Copy Pods Resources";
			outputPaths = (
			);
			runOnlyForDeploymentPostprocessing = 0;
			shellPath = /bin/sh;
			shellScript = "\"${SRCROOT}/Pods/Target Support Files/Pods-Flicks/Pods-Flicks-resources.sh\"\n";
			showEnvVarsInLog = 0;
		};
		BFA3E85E7ABEABF27F8432E2 /* Embed Pods Frameworks */ = {
			isa = PBXShellScriptBuildPhase;
			buildActionMask = 2147483647;
			files = (
			);
			inputPaths = (
			);
			name = "Embed Pods Frameworks";
			outputPaths = (
			);
			runOnlyForDeploymentPostprocessing = 0;
			shellPath = /bin/sh;
			shellScript = "\"${SRCROOT}/Pods/Target Support Files/Pods-Flicks/Pods-Flicks-frameworks.sh\"\n";
			showEnvVarsInLog = 0;
		};
/* End PBXShellScriptBuildPhase section */

/* Begin PBXSourcesBuildPhase section */
		90610AD61C5953DF00048156 /* Sources */ = {
			isa = PBXSourcesBuildPhase;
			buildActionMask = 2147483647;
			files = (
				90610AE61C5953DF00048156 /* Flicks.xcdatamodeld in Sources */,
				90610AF31C5956C200048156 /* MoviesVC.swift in Sources */,
				90610AF61C59604D00048156 /* MovieCell.swift in Sources */,
				90610ADE1C5953DF00048156 /* AppDelegate.swift in Sources */,
			);
			runOnlyForDeploymentPostprocessing = 0;
		};
/* End PBXSourcesBuildPhase section */

/* Begin PBXVariantGroup section */
		90610AE11C5953DF00048156 /* Main.storyboard */ = {
			isa = PBXVariantGroup;
			children = (
				90610AE21C5953DF00048156 /* Base */,
			);
			name = Main.storyboard;
			sourceTree = "<group>";
		};
		90610AE91C5953DF00048156 /* LaunchScreen.storyboard */ = {
			isa = PBXVariantGroup;
			children = (
				90610AEA1C5953DF00048156 /* Base */,
			);
			name = LaunchScreen.storyboard;
			sourceTree = "<group>";
		};
/* End PBXVariantGroup section */

/* Begin XCBuildConfiguration section */
		90610AED1C5953DF00048156 /* Debug */ = {
			isa = XCBuildConfiguration;
			buildSettings = {
				ALWAYS_SEARCH_USER_PATHS = NO;
				CLANG_CXX_LANGUAGE_STANDARD = "gnu++0x";
				CLANG_CXX_LIBRARY = "libc++";
				CLANG_ENABLE_MODULES = YES;
				CLANG_ENABLE_OBJC_ARC = YES;
				CLANG_WARN_BOOL_CONVERSION = YES;
				CLANG_WARN_CONSTANT_CONVERSION = YES;
				CLANG_WARN_DIRECT_OBJC_ISA_USAGE = YES_ERROR;
				CLANG_WARN_EMPTY_BODY = YES;
				CLANG_WARN_ENUM_CONVERSION = YES;
				CLANG_WARN_INT_CONVERSION = YES;
				CLANG_WARN_OBJC_ROOT_CLASS = YES_ERROR;
				CLANG_WARN_UNREACHABLE_CODE = YES;
				CLANG_WARN__DUPLICATE_METHOD_MATCH = YES;
				"CODE_SIGN_IDENTITY[sdk=iphoneos*]" = "iPhone Developer";
				COPY_PHASE_STRIP = NO;
				DEBUG_INFORMATION_FORMAT = dwarf;
				ENABLE_STRICT_OBJC_MSGSEND = YES;
				ENABLE_TESTABILITY = YES;
				GCC_C_LANGUAGE_STANDARD = gnu99;
				GCC_DYNAMIC_NO_PIC = NO;
				GCC_NO_COMMON_BLOCKS = YES;
				GCC_OPTIMIZATION_LEVEL = 0;
				GCC_PREPROCESSOR_DEFINITIONS = (
					"DEBUG=1",
					"$(inherited)",
				);
				GCC_WARN_64_TO_32_BIT_CONVERSION = YES;
				GCC_WARN_ABOUT_RETURN_TYPE = YES_ERROR;
				GCC_WARN_UNDECLARED_SELECTOR = YES;
				GCC_WARN_UNINITIALIZED_AUTOS = YES_AGGRESSIVE;
				GCC_WARN_UNUSED_FUNCTION = YES;
				GCC_WARN_UNUSED_VARIABLE = YES;
				IPHONEOS_DEPLOYMENT_TARGET = 9.2;
				MTL_ENABLE_DEBUG_INFO = YES;
				ONLY_ACTIVE_ARCH = YES;
				SDKROOT = iphoneos;
				SWIFT_OPTIMIZATION_LEVEL = "-Onone";
				TARGETED_DEVICE_FAMILY = "1,2";
			};
			name = Debug;
		};
		90610AEE1C5953DF00048156 /* Release */ = {
			isa = XCBuildConfiguration;
			buildSettings = {
				ALWAYS_SEARCH_USER_PATHS = NO;
				CLANG_CXX_LANGUAGE_STANDARD = "gnu++0x";
				CLANG_CXX_LIBRARY = "libc++";
				CLANG_ENABLE_MODULES = YES;
				CLANG_ENABLE_OBJC_ARC = YES;
				CLANG_WARN_BOOL_CONVERSION = YES;
				CLANG_WARN_CONSTANT_CONVERSION = YES;
				CLANG_WARN_DIRECT_OBJC_ISA_USAGE = YES_ERROR;
				CLANG_WARN_EMPTY_BODY = YES;
				CLANG_WARN_ENUM_CONVERSION = YES;
				CLANG_WARN_INT_CONVERSION = YES;
				CLANG_WARN_OBJC_ROOT_CLASS = YES_ERROR;
				CLANG_WARN_UNREACHABLE_CODE = YES;
				CLANG_WARN__DUPLICATE_METHOD_MATCH = YES;
				"CODE_SIGN_IDENTITY[sdk=iphoneos*]" = "iPhone Developer";
				COPY_PHASE_STRIP = NO;
				DEBUG_INFORMATION_FORMAT = "dwarf-with-dsym";
				ENABLE_NS_ASSERTIONS = NO;
				ENABLE_STRICT_OBJC_MSGSEND = YES;
				GCC_C_LANGUAGE_STANDARD = gnu99;
				GCC_NO_COMMON_BLOCKS = YES;
				GCC_WARN_64_TO_32_BIT_CONVERSION = YES;
				GCC_WARN_ABOUT_RETURN_TYPE = YES_ERROR;
				GCC_WARN_UNDECLARED_SELECTOR = YES;
				GCC_WARN_UNINITIALIZED_AUTOS = YES_AGGRESSIVE;
				GCC_WARN_UNUSED_FUNCTION = YES;
				GCC_WARN_UNUSED_VARIABLE = YES;
				IPHONEOS_DEPLOYMENT_TARGET = 9.2;
				MTL_ENABLE_DEBUG_INFO = NO;
				SDKROOT = iphoneos;
				TARGETED_DEVICE_FAMILY = "1,2";
				VALIDATE_PRODUCT = YES;
			};
			name = Release;
		};
		90610AF01C5953DF00048156 /* Debug */ = {
			isa = XCBuildConfiguration;
			baseConfigurationReference = 1D18FC7430934BDAF1F258C7 /* Pods-Flicks.debug.xcconfig */;
			buildSettings = {
				ASSETCATALOG_COMPILER_APPICON_NAME = AppIcon;
				INFOPLIST_FILE = Flicks/Info.plist;
				LD_RUNPATH_SEARCH_PATHS = "$(inherited) @executable_path/Frameworks";
				PRODUCT_BUNDLE_IDENTIFIER = com.Specialist.Flicks;
				PRODUCT_NAME = "$(TARGET_NAME)";
			};
			name = Debug;
		};
		90610AF11C5953DF00048156 /* Release */ = {
			isa = XCBuildConfiguration;
			baseConfigurationReference = DD74892B857F4688E4C6BE56 /* Pods-Flicks.release.xcconfig */;
			buildSettings = {
				ASSETCATALOG_COMPILER_APPICON_NAME = AppIcon;
				INFOPLIST_FILE = Flicks/Info.plist;
				LD_RUNPATH_SEARCH_PATHS = "$(inherited) @executable_path/Frameworks";
				PRODUCT_BUNDLE_IDENTIFIER = com.Specialist.Flicks;
				PRODUCT_NAME = "$(TARGET_NAME)";
			};
			name = Release;
		};
/* End XCBuildConfiguration section */

/* Begin XCConfigurationList section */
		90610AD51C5953DF00048156 /* Build configuration list for PBXProject "Flicks" */ = {
			isa = XCConfigurationList;
			buildConfigurations = (
				90610AED1C5953DF00048156 /* Debug */,
				90610AEE1C5953DF00048156 /* Release */,
			);
			defaultConfigurationIsVisible = 0;
			defaultConfigurationName = Release;
		};
		90610AEF1C5953DF00048156 /* Build configuration list for PBXNativeTarget "Flicks" */ = {
			isa = XCConfigurationList;
			buildConfigurations = (
				90610AF01C5953DF00048156 /* Debug */,
				90610AF11C5953DF00048156 /* Release */,
			);
			defaultConfigurationIsVisible = 0;
			defaultConfigurationName = Release;
		};
/* End XCConfigurationList section */

/* Begin XCVersionGroup section */
		90610AE41C5953DF00048156 /* Flicks.xcdatamodeld */ = {
			isa = XCVersionGroup;
			children = (
				90610AE51C5953DF00048156 /* Flicks.xcdatamodel */,
			);
			currentVersion = 90610AE51C5953DF00048156 /* Flicks.xcdatamodel */;
			path = Flicks.xcdatamodeld;
			sourceTree = "<group>";
			versionGroupType = wrapper.xcdatamodel;
		};
/* End XCVersionGroup section */
	};
	rootObject = 90610AD21C5953DF00048156 /* Project object */;
}
